
Microsoft Visual Studio Solution File, Format Version 12.00
Project("{2150E333-8FDC-42A3-9474-1A3956D46DE8}") = "Domain", "Domain", "{F1233DB4-45DA-41A6-A35D-1BAC7A75EEBA}"
EndProject
Project("{FAE04EC0-301F-11D3-BF4B-00C04F79EFBC}") = "WolfPack.Domian.Model", "WolfPack.Domian.Model\WolfPack.Domian.Model\WolfPack.Domian.Model.csproj", "{068098AE-BDE3-428F-AA28-CDF277E31EBD}"
EndProject
Project("{FAE04EC0-301F-11D3-BF4B-00C04F79EFBC}") = "WolfPack.Domian.Model.Test", "WolfPack.Domian.Model.Test\WolfPack.Domian.Model.Test.csproj", "{B56DB185-010A-4FC3-BB12-1284927312B2}"
EndProject
Project("{2150E333-8FDC-42A3-9474-1A3956D46DE8}") = "Infrastructure", "Infrastructure", "{E182AB04-593B-451E-97E5-B364453DBB46}"
EndProject
Project("{2150E333-8FDC-42A3-9474-1A3956D46DE8}") = "MongoDbRepository", "MongoDbRepository", "{2DA0DEA8-AA0A-463C-B332-2445592553C3}"
EndProject
Project("{FAE04EC0-301F-11D3-BF4B-00C04F79EFBC}") = "WolfPack.Infrastructure.MongoDbRepository", "WolfPack.Infrastructure.MongoDbRepository\WolfPack.Infrastructure.MongoDbRepository.csproj", "{F827956C-2CFF-442A-82A3-9622324FEAD4}"
EndProject
Project("{2150E333-8FDC-42A3-9474-1A3956D46DE8}") = "WebApi", "WebApi", "{02044381-CFBC-4FC4-A330-B34722B237BA}"
EndProject
Project("{FAE04EC0-301F-11D3-BF4B-00C04F79EFBC}") = "WolfPack.WebApi", "WolfPack.WebApi\WolfPack.WebApi.csproj", "{DDC099B2-9634-44E8-8ACF-FABDD77AC167}"
EndProject
Project("{FAE04EC0-301F-11D3-BF4B-00C04F79EFBC}") = "WolfPack.Infrastructure.MongoDbRepository.Test", "WolfPack.Infrastructure.MongoDbRepository.Test\WolfPack.Infrastructure.MongoDbRepository.Test.csproj", "{5E11FDAF-C5E0-4204-86E2-963E82706B5C}"
EndProject
Project("{2150E333-8FDC-42A3-9474-1A3956D46DE8}") = "Application", "Application", "{3A8FDCB2-FD2D-46AB-A3D8-492050B5CA90}"
EndProject
Project("{FAE04EC0-301F-11D3-BF4B-00C04F79EFBC}") = "WolfPack.Application", "WolfPack.Application\WolfPack.Application.csproj", "{0EB9E516-6856-4422-A745-5119A3E07D21}"
EndProject
Project("{FAE04EC0-301F-11D3-BF4B-00C04F79EFBC}") = "WolfPack.Application.Test", "WolfPack.Application.Test\WolfPack.Application.Test.csproj", "{C19FAC34-06B0-4901-AF64-7EA938FC3B52}"
EndProject
Project("{2150E333-8FDC-42A3-9474-1A3956D46DE8}") = "Contract", "Contract", "{8B065FE5-0FBA-4C63-B9AF-ADFAB0EF7BC3}"
EndProject
Project("{FAE04EC0-301F-11D3-BF4B-00C04F79EFBC}") = "WolfPack.Contract", "WolfPack.Contract\WolfPack.Contract.csproj", "{9C40D177-F077-4D14-A808-479C41A3F6D4}"
EndProject
Global
	GlobalSection(SolutionConfigurationPlatforms) = preSolution
		Debug|Any CPU = Debug|Any CPU
		Release|Any CPU = Release|Any CPU
	EndGlobalSection
	GlobalSection(NestedProjects) = preSolution
		{B56DB185-010A-4FC3-BB12-1284927312B2} = {F1233DB4-45DA-41A6-A35D-1BAC7A75EEBA}
		{068098AE-BDE3-428F-AA28-CDF277E31EBD} = {F1233DB4-45DA-41A6-A35D-1BAC7A75EEBA}
		{2DA0DEA8-AA0A-463C-B332-2445592553C3} = {E182AB04-593B-451E-97E5-B364453DBB46}
		{F827956C-2CFF-442A-82A3-9622324FEAD4} = {2DA0DEA8-AA0A-463C-B332-2445592553C3}
		{DDC099B2-9634-44E8-8ACF-FABDD77AC167} = {02044381-CFBC-4FC4-A330-B34722B237BA}
		{5E11FDAF-C5E0-4204-86E2-963E82706B5C} = {2DA0DEA8-AA0A-463C-B332-2445592553C3}
		{0EB9E516-6856-4422-A745-5119A3E07D21} = {3A8FDCB2-FD2D-46AB-A3D8-492050B5CA90}
		{C19FAC34-06B0-4901-AF64-7EA938FC3B52} = {3A8FDCB2-FD2D-46AB-A3D8-492050B5CA90}
		{8B065FE5-0FBA-4C63-B9AF-ADFAB0EF7BC3} = {E182AB04-593B-451E-97E5-B364453DBB46}
		{9C40D177-F077-4D14-A808-479C41A3F6D4} = {8B065FE5-0FBA-4C63-B9AF-ADFAB0EF7BC3}
	EndGlobalSection
	GlobalSection(ProjectConfigurationPlatforms) = postSolution
		{068098AE-BDE3-428F-AA28-CDF277E31EBD}.Debug|Any CPU.ActiveCfg = Debug|Any CPU
		{068098AE-BDE3-428F-AA28-CDF277E31EBD}.Debug|Any CPU.Build.0 = Debug|Any CPU
		{068098AE-BDE3-428F-AA28-CDF277E31EBD}.Release|Any CPU.ActiveCfg = Release|Any CPU
		{068098AE-BDE3-428F-AA28-CDF277E31EBD}.Release|Any CPU.Build.0 = Release|Any CPU
		{B56DB185-010A-4FC3-BB12-1284927312B2}.Debug|Any CPU.ActiveCfg = Debug|Any CPU
		{B56DB185-010A-4FC3-BB12-1284927312B2}.Debug|Any CPU.Build.0 = Debug|Any CPU
		{B56DB185-010A-4FC3-BB12-1284927312B2}.Release|Any CPU.ActiveCfg = Release|Any CPU
		{B56DB185-010A-4FC3-BB12-1284927312B2}.Release|Any CPU.Build.0 = Release|Any CPU
		{F827956C-2CFF-442A-82A3-9622324FEAD4}.Debug|Any CPU.ActiveCfg = Debug|Any CPU
		{F827956C-2CFF-442A-82A3-9622324FEAD4}.Debug|Any CPU.Build.0 = Debug|Any CPU
		{F827956C-2CFF-442A-82A3-9622324FEAD4}.Release|Any CPU.ActiveCfg = Release|Any CPU
		{F827956C-2CFF-442A-82A3-9622324FEAD4}.Release|Any CPU.Build.0 = Release|Any CPU
		{DDC099B2-9634-44E8-8ACF-FABDD77AC167}.Debug|Any CPU.ActiveCfg = Debug|Any CPU
		{DDC099B2-9634-44E8-8ACF-FABDD77AC167}.Debug|Any CPU.Build.0 = Debug|Any CPU
		{DDC099B2-9634-44E8-8ACF-FABDD77AC167}.Release|Any CPU.ActiveCfg = Release|Any CPU
		{DDC099B2-9634-44E8-8ACF-FABDD77AC167}.Release|Any CPU.Build.0 = Release|Any CPU
		{5E11FDAF-C5E0-4204-86E2-963E82706B5C}.Debug|Any CPU.ActiveCfg = Debug|Any CPU
		{5E11FDAF-C5E0-4204-86E2-963E82706B5C}.Debug|Any CPU.Build.0 = Debug|Any CPU
		{5E11FDAF-C5E0-4204-86E2-963E82706B5C}.Release|Any CPU.ActiveCfg = Release|Any CPU
		{5E11FDAF-C5E0-4204-86E2-963E82706B5C}.Release|Any CPU.Build.0 = Release|Any CPU
		{0EB9E516-6856-4422-A745-5119A3E07D21}.Debug|Any CPU.ActiveCfg = Debug|Any CPU
		{0EB9E516-6856-4422-A745-5119A3E07D21}.Debug|Any CPU.Build.0 = Debug|Any CPU
		{0EB9E516-6856-4422-A745-5119A3E07D21}.Release|Any CPU.ActiveCfg = Release|Any CPU
		{0EB9E516-6856-4422-A745-5119A3E07D21}.Release|Any CPU.Build.0 = Release|Any CPU
		{C19FAC34-06B0-4901-AF64-7EA938FC3B52}.Debug|Any CPU.ActiveCfg = Debug|Any CPU
		{C19FAC34-06B0-4901-AF64-7EA938FC3B52}.Debug|Any CPU.Build.0 = Debug|Any CPU
		{C19FAC34-06B0-4901-AF64-7EA938FC3B52}.Release|Any CPU.ActiveCfg = Release|Any CPU
		{C19FAC34-06B0-4901-AF64-7EA938FC3B52}.Release|Any CPU.Build.0 = Release|Any CPU
		{9C40D177-F077-4D14-A808-479C41A3F6D4}.Debug|Any CPU.ActiveCfg = Debug|Any CPU
		{9C40D177-F077-4D14-A808-479C41A3F6D4}.Debug|Any CPU.Build.0 = Debug|Any CPU
		{9C40D177-F077-4D14-A808-479C41A3F6D4}.Release|Any CPU.ActiveCfg = Release|Any CPU
		{9C40D177-F077-4D14-A808-479C41A3F6D4}.Release|Any CPU.Build.0 = Release|Any CPU
	EndGlobalSection
EndGlobal
